<?xml version="1.0" encoding="utf-8"?>
<Project ToolsVersion="4.0" xmlns="http://schemas.microsoft.com/developer/msbuild/2003">
  <ItemGroup>
    <Filter Include="Source Files">
      <UniqueIdentifier>{4FC737F1-C7A5-4376-A066-2A32D752A2FF}</UniqueIdentifier>
      <Extensions>cpp;c;cc;cxx;c++;cppm;ixx;def;odl;idl;hpj;bat;asm;asmx</Extensions>
    </Filter>
    <Filter Include="Header Files">
      <UniqueIdentifier>{93995380-89BD-4b04-88EB-625FBE52EBFB}</UniqueIdentifier>
      <Extensions>h;hh;hpp;hxx;h++;hm;inl;inc;ipp;xsd</Extensions>
    </Filter>
    <Filter Include="Resource Files">
      <UniqueIdentifier>{67DA6AB6-F800-4c08-8B7A-83BB121AAD01}</UniqueIdentifier>
      <Extensions>rc;ico;cur;bmp;dlg;rc2;rct;bin;rgs;gif;jpg;jpeg;jpe;resx;tiff;tif;png;wav;mfcribbon-ms</Extensions>
    </Filter>
    <Filter Include="Header Files\json">
      <UniqueIdentifier>{51bd6dd6-b0ec-4a3c-afdf-8617c8ec8f79}</UniqueIdentifier>
    </Filter>
    <Filter Include="Header Files\sdlutils">
      <UniqueIdentifier>{58dd9447-2a0c-4272-b611-c6dc1d2f3cd1}</UniqueIdentifier>
    </Filter>
    <Filter Include="Header Files\utils">
      <UniqueIdentifier>{c64a0449-cd8f-4c5c-9f32-b62e25f7b9ff}</UniqueIdentifier>
    </Filter>
    <Filter Include="Source Files\json">
      <UniqueIdentifier>{fc8a7623-40da-4e39-9225-e97151939786}</UniqueIdentifier>
    </Filter>
    <Filter Include="Source Files\sdlutils">
      <UniqueIdentifier>{79014077-a55a-4baf-80ee-123eaf9d0690}</UniqueIdentifier>
    </Filter>
    <Filter Include="Source Files\utils">
      <UniqueIdentifier>{4996d8ef-bbc9-46ba-a09a-6b560aba4a97}</UniqueIdentifier>
    </Filter>
  </ItemGroup>
  <ItemGroup>
    <ClCompile Include="main.cpp">
      <Filter>Source Files</Filter>
    </ClCompile>
    <ClCompile Include="json\JSON.cpp">
      <Filter>Source Files\json</Filter>
    </ClCompile>
    <ClCompile Include="json\JSONValue.cpp">
      <Filter>Source Files\json</Filter>
    </ClCompile>
    <ClCompile Include="utils\Collisions.cpp">
      <Filter>Source Files\utils</Filter>
    </ClCompile>
    <ClCompile Include="utils\Vector2D.cpp">
      <Filter>Source Files\utils</Filter>
    </ClCompile>
    <ClCompile Include="sdlutils\SDLUtils.cpp">
      <Filter>Source Files\sdlutils</Filter>
    </ClCompile>
    <ClCompile Include="sdlutils\sdlutils_demo.cpp">
      <Filter>Source Files\sdlutils</Filter>
    </ClCompile>
    <ClCompile Include="sdlutils\SoundEffect.cpp">
      <Filter>Source Files\sdlutils</Filter>
    </ClCompile>
    <ClCompile Include="sdlutils\Texture.cpp">
      <Filter>Source Files\sdlutils</Filter>
    </ClCompile>
    <ClCompile Include="json\somplejson_demo.cpp">
      <Filter>Source Files\json</Filter>
    </ClCompile>
  </ItemGroup>
  <ItemGroup>
    <ClInclude Include="json\JSON.h">
      <Filter>Header Files\json</Filter>
    </ClInclude>
    <ClInclude Include="json\JSONValue.h">
      <Filter>Header Files\json</Filter>
    </ClInclude>
    <ClInclude Include="utils\Collisions.h">
      <Filter>Header Files\utils</Filter>
    </ClInclude>
    <ClInclude Include="utils\Singleton.h">
      <Filter>Header Files\utils</Filter>
    </ClInclude>
    <ClInclude Include="utils\Vector2D.h">
      <Filter>Header Files\utils</Filter>
    </ClInclude>
    <ClInclude Include="sdlutils\Font.h">
      <Filter>Header Files\sdlutils</Filter>
    </ClInclude>
    <ClInclude Include="sdlutils\InputHandler.h">
      <Filter>Header Files\sdlutils</Filter>
    </ClInclude>
    <ClInclude Include="sdlutils\macros.h">
      <Filter>Header Files\sdlutils</Filter>
    </ClInclude>
    <ClInclude Include="sdlutils\Music.h">
      <Filter>Header Files\sdlutils</Filter>
    </ClInclude>
    <ClInclude Include="sdlutils\RandomNumberGenerator.h">
      <Filter>Header Files\sdlutils</Filter>
    </ClInclude>
    <ClInclude Include="sdlutils\SDLUtils.h">
      <Filter>Header Files\sdlutils</Filter>
    </ClInclude>
    <ClInclude Include="sdlutils\sdlutils_demo.h">
      <Filter>Header Files\sdlutils</Filter>
    </ClInclude>
    <ClInclude Include="sdlutils\SoundEffect.h">
      <Filter>Header Files\sdlutils</Filter>
    </ClInclude>
    <ClInclude Include="sdlutils\Texture.h">
      <Filter>Header Files\sdlutils</Filter>
    </ClInclude>
    <ClInclude Include="sdlutils\VirtualTimer.h">
      <Filter>Header Files\sdlutils</Filter>
    </ClInclude>
    <ClInclude Include="json\simplejson_demo.h">
      <Filter>Header Files\json</Filter>
    </ClInclude>
  </ItemGroup>
</Project>