<?xml version="1.0" encoding="utf-8"?>
<Project ToolsVersion="4.0" xmlns="http://schemas.microsoft.com/developer/msbuild/2003">
  <ItemGroup>
    <Filter Include="Archivos de origen">
      <UniqueIdentifier>{4FC737F1-C7A5-4376-A066-2A32D752A2FF}</UniqueIdentifier>
      <Extensions>cpp;c;cc;cxx;c++;cppm;ixx;def;odl;idl;hpj;bat;asm;asmx</Extensions>
    </Filter>
    <Filter Include="Archivos de encabezado">
      <UniqueIdentifier>{93995380-89BD-4b04-88EB-625FBE52EBFB}</UniqueIdentifier>
      <Extensions>h;hh;hpp;hxx;h++;hm;inl;inc;ipp;xsd</Extensions>
    </Filter>
    <Filter Include="Archivos de recursos">
      <UniqueIdentifier>{67DA6AB6-F800-4c08-8B7A-83BB121AAD01}</UniqueIdentifier>
      <Extensions>rc;ico;cur;bmp;dlg;rc2;rct;bin;rgs;gif;jpg;jpeg;jpe;resx;tiff;tif;png;wav;mfcribbon-ms</Extensions>
    </Filter>
    <Filter Include="Archivos de encabezado\Components">
      <UniqueIdentifier>{eb6d14e7-130f-4074-b4e5-928b1b3c0f51}</UniqueIdentifier>
    </Filter>
    <Filter Include="Archivos de encabezado\SDLutils">
      <UniqueIdentifier>{ade339e4-3584-4f71-9f3a-01918ee88d12}</UniqueIdentifier>
    </Filter>
    <Filter Include="Archivos de origen\SDLutils">
      <UniqueIdentifier>{2f806826-8f8d-4fef-8b3c-5bc2874b3b06}</UniqueIdentifier>
    </Filter>
    <Filter Include="Archivos de encabezado\utils">
      <UniqueIdentifier>{5f44948e-d3fa-4790-9f55-24478dd97c27}</UniqueIdentifier>
    </Filter>
    <Filter Include="Archivos de origen\utils">
      <UniqueIdentifier>{ad2db467-b5e5-4e88-aee5-bdb9ccf6d68a}</UniqueIdentifier>
    </Filter>
    <Filter Include="Archivos de encabezado\ecs">
      <UniqueIdentifier>{ca669905-c5d3-4101-b6d8-8ae7db239d18}</UniqueIdentifier>
    </Filter>
    <Filter Include="Archivos de origen\ecs">
      <UniqueIdentifier>{e1c8a1c3-02fa-4633-a802-81fca75f73e3}</UniqueIdentifier>
    </Filter>
    <Filter Include="Archivos de encabezado\game">
      <UniqueIdentifier>{0120532b-bb13-439d-8fac-23e043c0714a}</UniqueIdentifier>
    </Filter>
    <Filter Include="Archivos de origen\game">
      <UniqueIdentifier>{192e5c0f-e562-4932-99ff-f7f6483970c6}</UniqueIdentifier>
    </Filter>
    <Filter Include="Archivos de encabezado\json">
      <UniqueIdentifier>{b87f5510-1c1e-4440-8392-385b864f4325}</UniqueIdentifier>
    </Filter>
    <Filter Include="Archivos de origen\json">
      <UniqueIdentifier>{6b86f01d-691d-465f-9fdd-ff2e1d073295}</UniqueIdentifier>
    </Filter>
    <Filter Include="Archivos de recursos\resources">
      <UniqueIdentifier>{2469618e-39ea-41b1-b778-13528bde6279}</UniqueIdentifier>
    </Filter>
    <Filter Include="Archivos de recursos\resources\config">
      <UniqueIdentifier>{7c817044-c1f6-46cd-80f9-692ddfd99f17}</UniqueIdentifier>
    </Filter>
    <Filter Include="Archivos de origen\components">
      <UniqueIdentifier>{cc57e568-abf2-4c0f-943f-3b7765a988db}</UniqueIdentifier>
    </Filter>
    <Filter Include="Archivos de encabezado\Components\UI">
      <UniqueIdentifier>{9bcc58f2-bb8b-4b73-84e0-b1cd685256b0}</UniqueIdentifier>
    </Filter>
    <Filter Include="Archivos de encabezado\Components\Entity">
      <UniqueIdentifier>{bef933ef-2f8f-447f-8007-2153a156af79}</UniqueIdentifier>
    </Filter>
    <Filter Include="Archivos de encabezado\Components\Entity\Hamster">
      <UniqueIdentifier>{49ccbfaf-4606-4c6c-8720-717fe4cb9b7f}</UniqueIdentifier>
    </Filter>
    <Filter Include="Archivos de encabezado\Components\Entity\Hamster\Attack">
      <UniqueIdentifier>{7ea27e57-fc20-4d0a-989f-92f7752d3011}</UniqueIdentifier>
    </Filter>
    <Filter Include="Archivos de encabezado\Components\Entity\Hamster\Ability">
      <UniqueIdentifier>{5bc79384-cf4a-46aa-8eef-8463b47c95d3}</UniqueIdentifier>
    </Filter>
    <Filter Include="Archivos de encabezado\Components\Entity\Hamster\Stroke">
      <UniqueIdentifier>{d1531467-982a-42b0-aede-f5720ace0bbb}</UniqueIdentifier>
    </Filter>
    <Filter Include="Archivos de encabezado\Components\Entity\Hamster\Stroke\Ghost">
      <UniqueIdentifier>{e4378805-a497-4a6a-8ca2-1956b9790901}</UniqueIdentifier>
    </Filter>
    <Filter Include="Archivos de encabezado\Components\Entity\Hamster\States">
      <UniqueIdentifier>{da8ca142-9609-4db0-8231-e55d99589286}</UniqueIdentifier>
    </Filter>
    <Filter Include="Archivos de encabezado\Components\Entity\Enemy">
      <UniqueIdentifier>{483c5496-b835-4cf5-b248-e607fa990331}</UniqueIdentifier>
    </Filter>
    <Filter Include="Archivos de encabezado\Components\Entity\Enemy\EnemyBehaviour">
      <UniqueIdentifier>{dae52a29-500a-42a5-ae03-9b29c987bf8f}</UniqueIdentifier>
    </Filter>
    <Filter Include="Archivos de encabezado\Components\Entity\Enemy\EnemyBehaviour\Behavior">
      <UniqueIdentifier>{bb4a9ca3-397d-4648-97ff-b19c14c64445}</UniqueIdentifier>
    </Filter>
    <Filter Include="Archivos de encabezado\Components\Entity\Enemy\Attack">
      <UniqueIdentifier>{6d5cca36-d6aa-48fd-9364-3ee050cc65d4}</UniqueIdentifier>
    </Filter>
    <Filter Include="Archivos de encabezado\Components\Animation">
      <UniqueIdentifier>{c90c510b-7bbc-4678-816a-473acc357553}</UniqueIdentifier>
    </Filter>
    <Filter Include="Archivos de encabezado\Components\Tile">
      <UniqueIdentifier>{6e7b52ae-0e56-47b3-8b59-a070b50a30a5}</UniqueIdentifier>
    </Filter>
    <Filter Include="Archivos de encabezado\Components\Entity\Hamster\Movement&amp;Control">
      <UniqueIdentifier>{c24ffe65-56b6-4af1-832a-2b2709e5c574}</UniqueIdentifier>
    </Filter>
    <Filter Include="Archivos de encabezado\Components\Manager">
      <UniqueIdentifier>{4fb59f33-102b-4287-ad71-337087a5a075}</UniqueIdentifier>
    </Filter>
    <Filter Include="Archivos de encabezado\Components\Entity\Enemy\Movement">
      <UniqueIdentifier>{5c06214c-55e0-416b-9564-f822b1938dca}</UniqueIdentifier>
    </Filter>
    <Filter Include="Archivos de origen\components\UI">
      <UniqueIdentifier>{62d4f261-ab06-4454-9528-f5d715526ce2}</UniqueIdentifier>
    </Filter>
    <Filter Include="Archivos de origen\components\Animation">
      <UniqueIdentifier>{ce4f5e55-3514-4a44-91cb-c8b974c26ba5}</UniqueIdentifier>
    </Filter>
    <Filter Include="Archivos de origen\components\Entity">
      <UniqueIdentifier>{bcd5bcca-e887-4c62-9438-366fe8c97558}</UniqueIdentifier>
    </Filter>
    <Filter Include="Archivos de origen\components\Tile">
      <UniqueIdentifier>{5074a19e-02ab-4de8-8796-a8fede2442de}</UniqueIdentifier>
    </Filter>
    <Filter Include="Archivos de origen\components\Entity\Hamster">
      <UniqueIdentifier>{7a299e46-7185-4725-b8a8-2ca9159755a5}</UniqueIdentifier>
    </Filter>
    <Filter Include="Archivos de origen\components\Entity\Enemy">
      <UniqueIdentifier>{58326678-9339-4289-98b5-7c110be101b3}</UniqueIdentifier>
    </Filter>
    <Filter Include="Archivos de origen\components\Entity\Enemy\EnemyBehaviour">
      <UniqueIdentifier>{8c651f9f-ee08-401e-a8e8-933a3cfd9d71}</UniqueIdentifier>
    </Filter>
    <Filter Include="Archivos de origen\components\Entity\Enemy\EnemyBehaviour\behaviors">
      <UniqueIdentifier>{7e8f4aff-4451-409a-9107-50136fe12caf}</UniqueIdentifier>
    </Filter>
    <Filter Include="Archivos de origen\components\Entity\Enemy\Attack">
      <UniqueIdentifier>{52d1d656-a90a-4cc5-9db6-6c4c2ad6a328}</UniqueIdentifier>
    </Filter>
    <Filter Include="Archivos de origen\components\Entity\Hamster\Ability">
      <UniqueIdentifier>{1fbd1b51-1c4b-4840-9ac7-f63de3c70791}</UniqueIdentifier>
    </Filter>
    <Filter Include="Archivos de origen\components\Manager">
      <UniqueIdentifier>{1f1de19d-aa3b-4251-8283-49c78b37511b}</UniqueIdentifier>
    </Filter>
    <Filter Include="Archivos de origen\components\Entity\Hamster\Attack">
      <UniqueIdentifier>{e3fcc184-90c1-45eb-9140-f9effd2cdfc5}</UniqueIdentifier>
    </Filter>
    <Filter Include="Archivos de origen\components\Entity\Hamster\Movement&amp;Control">
      <UniqueIdentifier>{156116ab-0cbf-41f4-95d1-b6a608dbab32}</UniqueIdentifier>
    </Filter>
    <Filter Include="Archivos de origen\components\Entity\Hamster\States">
      <UniqueIdentifier>{c3c6fcde-ba8f-461e-bc52-1b9ec8e96430}</UniqueIdentifier>
    </Filter>
    <Filter Include="Archivos de encabezado\Components\Entity\Enemy\States">
      <UniqueIdentifier>{fd0432fa-8520-46d8-a237-18380e71eb75}</UniqueIdentifier>
    </Filter>
    <Filter Include="Archivos de origen\components\Entity\Enemy\States">
      <UniqueIdentifier>{87296505-fea3-45cd-82ec-c1a4b6700f34}</UniqueIdentifier>
    </Filter>
    <Filter Include="Archivos de origen\components\Entity\Hamster\Stroke">
      <UniqueIdentifier>{cd58013b-0955-4b19-be98-31cdd446f9b1}</UniqueIdentifier>
    </Filter>
    <Filter Include="Archivos de origen\components\Entity\Hamster\Stroke\Ghost">
      <UniqueIdentifier>{6d818b1c-9e64-491b-bfb3-a02a03e3db19}</UniqueIdentifier>
    </Filter>
    <Filter Include="Archivos de origen\components\Entity\Enemy\Movement">
      <UniqueIdentifier>{5166e008-1972-477a-9602-0ac907cdb176}</UniqueIdentifier>
    </Filter>
    <Filter Include="Archivos de encabezado\Components\Entity\Enemy\EnemyBehaviour\BossBehaviour">
      <UniqueIdentifier>{5b0dd226-2306-4274-a6d3-663118682abb}</UniqueIdentifier>
    </Filter>
    <Filter Include="Archivos de origen\components\Entity\Enemy\EnemyBehaviour\BossBehavior">
      <UniqueIdentifier>{fa4c0b31-1ffd-429a-a381-c6fcc9d33422}</UniqueIdentifier>
    </Filter>
    <Filter Include="Archivos de encabezado\Components\Entity\Enemy\Attack\BossAttack">
      <UniqueIdentifier>{3646b632-8da0-4a63-a030-10332080fc1e}</UniqueIdentifier>
    </Filter>
    <Filter Include="Archivos de origen\components\Entity\Enemy\Attack\BossAttack">
      <UniqueIdentifier>{8a2bd0dd-e5f6-42ec-ba66-8144e633bce3}</UniqueIdentifier>
    </Filter>
    <Filter Include="Archivos de encabezado\Components\StateMachine">
      <UniqueIdentifier>{452c2501-e7b8-445e-a96b-3d468b6efd8a}</UniqueIdentifier>
    </Filter>
    <Filter Include="Archivos de origen\components\StateMachine">
      <UniqueIdentifier>{39428833-c9e5-427c-ba1c-d756e38d9555}</UniqueIdentifier>
    </Filter>
  </ItemGroup>
  <ItemGroup>
    <ClCompile Include="Source.cpp">
      <Filter>Archivos de origen</Filter>
    </ClCompile>
    <ClCompile Include="Proyecto\sdlutils\RandomNumberGenerator.cpp">
      <Filter>Archivos de origen\SDLutils</Filter>
    </ClCompile>
    <ClCompile Include="Proyecto\sdlutils\SDLUtils.cpp">
      <Filter>Archivos de origen\SDLutils</Filter>
    </ClCompile>
    <ClCompile Include="Proyecto\sdlutils\sdlutils_demo.cpp">
      <Filter>Archivos de origen\SDLutils</Filter>
    </ClCompile>
    <ClCompile Include="Proyecto\sdlutils\SoundEffect.cpp">
      <Filter>Archivos de origen\SDLutils</Filter>
    </ClCompile>
    <ClCompile Include="Proyecto\sdlutils\Texture.cpp">
      <Filter>Archivos de origen\SDLutils</Filter>
    </ClCompile>
    <ClCompile Include="Proyecto\utils\Collisions.cpp">
      <Filter>Archivos de origen\utils</Filter>
    </ClCompile>
    <ClCompile Include="Proyecto\utils\Vector2D.cpp">
      <Filter>Archivos de origen\utils</Filter>
    </ClCompile>
    <ClCompile Include="Proyecto\ecs\Entity.cpp">
      <Filter>Archivos de origen\ecs</Filter>
    </ClCompile>
    <ClCompile Include="Proyecto\ecs\Manager.cpp">
      <Filter>Archivos de origen\ecs</Filter>
    </ClCompile>
    <ClCompile Include="Proyecto\game\Game.cpp">
      <Filter>Archivos de origen\game</Filter>
    </ClCompile>
    <ClCompile Include="Proyecto\json\JSON.cpp">
      <Filter>Archivos de origen\json</Filter>
    </ClCompile>
    <ClCompile Include="Proyecto\json\JSONValue.cpp">
      <Filter>Archivos de origen\json</Filter>
    </ClCompile>
    <ClCompile Include="Proyecto\sdlutils\Animation.cpp">
      <Filter>Archivos de origen\SDLutils</Filter>
    </ClCompile>
    <ClCompile Include="Proyecto\ecs\Tile.cpp">
      <Filter>Archivos de origen\ecs</Filter>
    </ClCompile>
    <ClCompile Include="Proyecto\ecs\Camera.cpp">
      <Filter>Archivos de origen\ecs</Filter>
    </ClCompile>
    <ClCompile Include="Proyecto\components\Behavior.cpp">
      <Filter>Archivos de origen\components\Entity\Enemy\EnemyBehaviour</Filter>
    </ClCompile>
    <ClCompile Include="Proyecto\components\EnemyBehaviour.cpp">
      <Filter>Archivos de origen\components\Entity\Enemy\EnemyBehaviour</Filter>
    </ClCompile>
    <ClCompile Include="Proyecto\components\FollowPlayer.cpp">
      <Filter>Archivos de origen\components\Entity\Enemy\EnemyBehaviour\behaviors</Filter>
    </ClCompile>
    <ClCompile Include="Proyecto\components\AmbushPlayer.cpp">
      <Filter>Archivos de origen\components\Entity\Enemy\EnemyBehaviour\behaviors</Filter>
    </ClCompile>
    <ClCompile Include="Proyecto\components\FleeFromPlayer.cpp">
      <Filter>Archivos de origen\components\Entity\Enemy\EnemyBehaviour\behaviors</Filter>
    </ClCompile>
    <ClCompile Include="Proyecto\components\Ability.cpp">
      <Filter>Archivos de origen\components\Entity\Hamster\Ability</Filter>
    </ClCompile>
    <ClCompile Include="Proyecto\components\Turret.cpp">
      <Filter>Archivos de origen\components\Entity\Hamster\Ability</Filter>
    </ClCompile>
    <ClCompile Include="Proyecto\components\Cloud.cpp">
      <Filter>Archivos de origen\components\Entity\Hamster\Ability</Filter>
    </ClCompile>
    <ClCompile Include="Proyecto\components\Pray.cpp">
      <Filter>Archivos de origen\components\Entity\Hamster\Ability</Filter>
    </ClCompile>
    <ClCompile Include="Proyecto\components\Roll.cpp">
      <Filter>Archivos de origen\components\Entity\Hamster\Ability</Filter>
    </ClCompile>
    <ClCompile Include="Proyecto\components\Swallow.cpp">
      <Filter>Archivos de origen\components\Entity\Hamster\Ability</Filter>
    </ClCompile>
    <ClCompile Include="Proyecto\components\Poison.cpp">
      <Filter>Archivos de origen\components\Entity\Hamster\Ability</Filter>
    </ClCompile>
    <ClCompile Include="Proyecto\components\AnimHamsterStateMachine.cpp">
      <Filter>Archivos de origen\components\Animation</Filter>
    </ClCompile>
    <ClCompile Include="Proyecto\components\BulletHit.cpp">
      <Filter>Archivos de origen\components\Entity\Hamster\Ability</Filter>
    </ClCompile>
    <ClCompile Include="Proyecto\components\Combos.cpp">
      <Filter>Archivos de origen\components\Entity\Hamster\Attack</Filter>
    </ClCompile>
    <ClCompile Include="Proyecto\components\ContactDamage.cpp">
      <Filter>Archivos de origen\components\Entity\Enemy\Attack</Filter>
    </ClCompile>
    <ClCompile Include="Proyecto\components\ControlHandler.cpp">
      <Filter>Archivos de origen\components\Entity\Hamster\Movement&amp;Control</Filter>
    </ClCompile>
    <ClCompile Include="Proyecto\components\DisableOnExit.cpp">
      <Filter>Archivos de origen\components\Entity\Hamster\Ability</Filter>
    </ClCompile>
    <ClCompile Include="Proyecto\components\Dying.cpp">
      <Filter>Archivos de origen\components\Entity\Hamster\States</Filter>
    </ClCompile>
    <ClCompile Include="Proyecto\components\EnemyAttack.cpp">
      <Filter>Archivos de origen\components\Entity\Enemy\Attack</Filter>
    </ClCompile>
    <ClCompile Include="Proyecto\components\EnemyStateMachine.cpp">
      <Filter>Archivos de origen\components\Entity\Enemy\States</Filter>
    </ClCompile>
    <ClCompile Include="Proyecto\components\EnemyStun.cpp">
      <Filter>Archivos de origen\components\Entity\Enemy\Attack</Filter>
    </ClCompile>
    <ClCompile Include="Proyecto\components\EntityAttribs.cpp">
      <Filter>Archivos de origen\components\Entity</Filter>
    </ClCompile>
    <ClCompile Include="Proyecto\components\GetItem.cpp">
      <Filter>Archivos de origen\components\Entity\Hamster</Filter>
    </ClCompile>
    <ClCompile Include="Proyecto\components\GhostCtrl.cpp">
      <Filter>Archivos de origen\components\Entity\Hamster\Stroke\Ghost</Filter>
    </ClCompile>
    <ClCompile Include="Proyecto\components\Gravity.cpp">
      <Filter>Archivos de origen\components\Entity</Filter>
    </ClCompile>
    <ClCompile Include="Proyecto\components\HamsterStateMachine.cpp">
      <Filter>Archivos de origen\components\Entity\Hamster\States</Filter>
    </ClCompile>
    <ClCompile Include="Proyecto\components\HeartUI.cpp">
      <Filter>Archivos de origen\components\UI</Filter>
    </ClCompile>
    <ClCompile Include="Proyecto\components\HeightObject.cpp">
      <Filter>Archivos de origen\components\Tile</Filter>
    </ClCompile>
    <ClCompile Include="Proyecto\components\Image.cpp">
      <Filter>Archivos de origen\components\Animation</Filter>
    </ClCompile>
    <ClCompile Include="Proyecto\components\KeyGame.cpp">
      <Filter>Archivos de origen\components\Entity\Hamster\Stroke</Filter>
    </ClCompile>
    <ClCompile Include="Proyecto\components\InfarctedBody.cpp">
      <Filter>Archivos de origen\components\Entity\Hamster\Stroke</Filter>
    </ClCompile>
    <ClCompile Include="Proyecto\components\Knockback.cpp">
      <Filter>Archivos de origen\components\Entity</Filter>
    </ClCompile>
    <ClCompile Include="Proyecto\components\LightAttack.cpp">
      <Filter>Archivos de origen\components\Entity\Hamster\Attack</Filter>
    </ClCompile>
    <ClCompile Include="Proyecto\components\MapMngr.cpp">
      <Filter>Archivos de origen\components\Manager</Filter>
    </ClCompile>
    <ClCompile Include="Proyecto\components\Movement.cpp">
      <Filter>Archivos de origen\components\Entity\Hamster\Movement&amp;Control</Filter>
    </ClCompile>
    <ClCompile Include="Proyecto\components\MovementSimple.cpp">
      <Filter>Archivos de origen\components\Entity\Enemy\Movement</Filter>
    </ClCompile>
    <ClCompile Include="Proyecto\components\PossesionGame.cpp">
      <Filter>Archivos de origen\components\Entity\Hamster\Stroke\Ghost</Filter>
    </ClCompile>
    <ClCompile Include="Proyecto\components\ReanimationGame.cpp">
      <Filter>Archivos de origen\components\Entity\Hamster\Stroke</Filter>
    </ClCompile>
    <ClCompile Include="Proyecto\components\Stroke.cpp">
      <Filter>Archivos de origen\components\Entity\Hamster\Stroke</Filter>
    </ClCompile>
    <ClCompile Include="Proyecto\components\StrongAttack.cpp">
      <Filter>Archivos de origen\components\Entity\Hamster\Attack</Filter>
    </ClCompile>
    <ClCompile Include="Proyecto\components\Stun.cpp">
      <Filter>Archivos de origen\components\Entity\Hamster\Attack</Filter>
    </ClCompile>
    <ClCompile Include="Proyecto\components\TileRender.cpp">
      <Filter>Archivos de origen\components\Tile</Filter>
    </ClCompile>
    <ClCompile Include="Proyecto\components\UI.cpp">
      <Filter>Archivos de origen\components\UI</Filter>
    </ClCompile>
    <ClCompile Include="Proyecto\components\Transform.cpp">
      <Filter>Archivos de origen\components\Entity\Hamster</Filter>
    </ClCompile>
    <ClCompile Include="Proyecto\components\FirstBossBehaviour.cpp">
      <Filter>Archivos de origen\components\Entity\Enemy\EnemyBehaviour\BossBehavior</Filter>
    </ClCompile>
    <ClCompile Include="Proyecto\components\FirstBossAttack.cpp">
      <Filter>Archivos de origen\components\Entity\Enemy\Attack\BossAttack</Filter>
    </ClCompile>
    <ClCompile Include="Proyecto\components\BackGround.cpp">
      <Filter>Archivos de origen</Filter>
    </ClCompile>
    <ClCompile Include="Proyecto\components\Parallax.cpp">
      <Filter>Archivos de origen</Filter>
    </ClCompile>
    <ClCompile Include="Proyecto\components\FairStrokeStrategy.cpp">
      <Filter>Archivos de origen\components\Entity\Hamster\Stroke</Filter>
    </ClCompile>
    <ClCompile Include="Proyecto\components\RandomStrokeStrategy.cpp">
      <Filter>Archivos de origen\components\Entity\Hamster\Stroke</Filter>
    </ClCompile>
    <ClCompile Include="Proyecto\components\CollisionDetec.cpp">
      <Filter>Archivos de origen\components\Entity\Hamster\Movement&amp;Control</Filter>
    </ClCompile>
    <ClCompile Include="Proyecto\components\IddleEnemy.cpp">
      <Filter>Archivos de origen\components\Entity\Enemy\EnemyBehaviour\behaviors</Filter>
    </ClCompile>
    <ClCompile Include="Proyecto\components\StrongFollowPlayer.cpp">
      <Filter>Archivos de origen\components\Entity\Enemy\EnemyBehaviour\behaviors</Filter>
    </ClCompile>
    <ClCompile Include="Proyecto\components\EnemyStrongAttack.cpp">
      <Filter>Archivos de origen\components\Entity\Enemy\Attack</Filter>
    </ClCompile>
    <ClCompile Include="Proyecto\components\Obstacle.cpp">
      <Filter>Archivos de origen\components\Entity</Filter>
    </ClCompile>
    <ClCompile Include="Proyecto\components\AnimEnemyStateMachine.cpp">
      <Filter>Archivos de origen\components\Animation</Filter>
    </ClCompile>
    <ClCompile Include="Proyecto\components\MenuButton.cpp">
      <Filter>Archivos de origen\components\UI</Filter>
    </ClCompile>
    <ClCompile Include="Proyecto\components\GameStates.cpp">
      <Filter>Archivos de origen\components\StateMachine</Filter>
    </ClCompile>
    <ClCompile Include="Proyecto\components\ShadowFollow.cpp">
      <Filter>Archivos de origen\components\Entity</Filter>
    </ClCompile>
    <ClCompile Include="Proyecto\components\Shadow.cpp">
      <Filter>Archivos de origen\components\Entity\Hamster</Filter>
    </ClCompile>
    <ClCompile Include="Proyecto\components\EnemyMother.cpp">
      <Filter>Archivos de origen\components\Entity\Enemy</Filter>
    </ClCompile>
    <ClCompile Include="Proyecto\components\TriggerScene.cpp">
      <Filter>Archivos de origen\components\Entity</Filter>
    </ClCompile>
    <ClCompile Include="Proyecto\components\MenuButtonManager.cpp">
      <Filter>Archivos de origen\components\Manager</Filter>
    </ClCompile>
    <ClCompile Include="Proyecto\components\SoundManager.cpp">
      <Filter>Archivos de origen\components\Manager</Filter>
    </ClCompile>
    <ClCompile Include="Proyecto\components\GravityEntity.cpp">
      <Filter>Archivos de origen\components\Entity</Filter>
    </ClCompile>
    <ClCompile Include="Proyecto\components\Transition.cpp">
      <Filter>Archivos de origen\components\Manager</Filter>
    </ClCompile>
    <ClCompile Include="Proyecto\components\ImageSecuence.cpp">
      <Filter>Archivos de origen\components\Manager</Filter>
    </ClCompile>
    <ClCompile Include="Proyecto\components\CatMovement.cpp">
      <Filter>Archivos de origen\components\Entity\Enemy\EnemyBehaviour\BossBehavior</Filter>
    </ClCompile>
    <ClCompile Include="Proyecto\components\MenuControlHandler.cpp">
      <Filter>Archivos de origen\components\UI</Filter>
    </ClCompile>
    <ClCompile Include="Proyecto\components\MovementInChase.cpp">
      <Filter>Archivos de origen\components\Entity\Hamster\Movement&amp;Control</Filter>
    </ClCompile>
    <ClCompile Include="Proyecto\components\StartChase.cpp">
      <Filter>Archivos de origen\components\Entity\Enemy\EnemyBehaviour\BossBehavior</Filter>
    </ClCompile>
  </ItemGroup>
  <ItemGroup>
    <ClInclude Include="Proyecto\sdlutils\Font.h">
      <Filter>Archivos de encabezado\SDLutils</Filter>
    </ClInclude>
    <ClInclude Include="Proyecto\sdlutils\InputHandler.h">
      <Filter>Archivos de encabezado\SDLutils</Filter>
    </ClInclude>
    <ClInclude Include="Proyecto\sdlutils\macros.h">
      <Filter>Archivos de encabezado\SDLutils</Filter>
    </ClInclude>
    <ClInclude Include="Proyecto\sdlutils\Music.h">
      <Filter>Archivos de encabezado\SDLutils</Filter>
    </ClInclude>
    <ClInclude Include="Proyecto\sdlutils\RandomNumberGenerator.h">
      <Filter>Archivos de encabezado\SDLutils</Filter>
    </ClInclude>
    <ClInclude Include="Proyecto\sdlutils\SDLUtils.h">
      <Filter>Archivos de encabezado\SDLutils</Filter>
    </ClInclude>
    <ClInclude Include="Proyecto\sdlutils\sdlutils_demo.h">
      <Filter>Archivos de encabezado\SDLutils</Filter>
    </ClInclude>
    <ClInclude Include="Proyecto\sdlutils\SoundEffect.h">
      <Filter>Archivos de encabezado\SDLutils</Filter>
    </ClInclude>
    <ClInclude Include="Proyecto\sdlutils\Texture.h">
      <Filter>Archivos de encabezado\SDLutils</Filter>
    </ClInclude>
    <ClInclude Include="Proyecto\sdlutils\VirtualTimer.h">
      <Filter>Archivos de encabezado\SDLutils</Filter>
    </ClInclude>
    <ClInclude Include="Proyecto\utils\Collisions.h">
      <Filter>Archivos de encabezado\utils</Filter>
    </ClInclude>
    <ClInclude Include="Proyecto\utils\Singleton.h">
      <Filter>Archivos de encabezado\utils</Filter>
    </ClInclude>
    <ClInclude Include="Proyecto\utils\Vector2D.h">
      <Filter>Archivos de encabezado\utils</Filter>
    </ClInclude>
    <ClInclude Include="Proyecto\ecs\Component.h">
      <Filter>Archivos de encabezado\ecs</Filter>
    </ClInclude>
    <ClInclude Include="Proyecto\ecs\ecs.h">
      <Filter>Archivos de encabezado\ecs</Filter>
    </ClInclude>
    <ClInclude Include="Proyecto\ecs\ecs_defs_example.h">
      <Filter>Archivos de encabezado\ecs</Filter>
    </ClInclude>
    <ClInclude Include="Proyecto\ecs\Entity.h">
      <Filter>Archivos de encabezado\ecs</Filter>
    </ClInclude>
    <ClInclude Include="Proyecto\ecs\Manager.h">
      <Filter>Archivos de encabezado\ecs</Filter>
    </ClInclude>
    <ClInclude Include="Proyecto\ecs\mpl.h">
      <Filter>Archivos de encabezado\ecs</Filter>
    </ClInclude>
    <ClInclude Include="Proyecto\game\ecs_defs.h">
      <Filter>Archivos de encabezado\game</Filter>
    </ClInclude>
    <ClInclude Include="Proyecto\game\Game.h">
      <Filter>Archivos de encabezado\game</Filter>
    </ClInclude>
    <ClInclude Include="Proyecto\json\JSON.h">
      <Filter>Archivos de encabezado\json</Filter>
    </ClInclude>
    <ClInclude Include="Proyecto\json\JSONValue.h">
      <Filter>Archivos de encabezado\json</Filter>
    </ClInclude>
    <ClInclude Include="Proyecto\sdlutils\Animation.h">
      <Filter>Archivos de encabezado\SDLutils</Filter>
    </ClInclude>
    <ClInclude Include="Proyecto\ecs\System.h">
      <Filter>Archivos de encabezado\ecs</Filter>
    </ClInclude>
    <ClInclude Include="Proyecto\utils\checkML.h">
      <Filter>Archivos de origen\utils</Filter>
    </ClInclude>
    <ClInclude Include="Proyecto\ecs\Tile.h">
      <Filter>Archivos de encabezado\ecs</Filter>
    </ClInclude>
    <ClInclude Include="Proyecto\ecs\Camera.h">
      <Filter>Archivos de encabezado\ecs</Filter>
    </ClInclude>
    <ClInclude Include="Proyecto\components\Behavior.h">
      <Filter>Archivos de encabezado\Components\Entity\Enemy\EnemyBehaviour</Filter>
    </ClInclude>
    <ClInclude Include="Proyecto\components\EnemyBehaviour.h">
      <Filter>Archivos de encabezado\Components\Entity\Enemy\EnemyBehaviour</Filter>
    </ClInclude>
    <ClInclude Include="Proyecto\components\FollowPlayer.h">
      <Filter>Archivos de encabezado\Components\Entity\Enemy\EnemyBehaviour\Behavior</Filter>
    </ClInclude>
    <ClInclude Include="Proyecto\components\AmbushPlayer.h">
      <Filter>Archivos de encabezado\Components\Entity\Enemy\EnemyBehaviour\Behavior</Filter>
    </ClInclude>
    <ClInclude Include="Proyecto\components\FleeFromPlayer.h">
      <Filter>Archivos de encabezado\Components\Entity\Enemy\EnemyBehaviour\Behavior</Filter>
    </ClInclude>
    <ClInclude Include="Proyecto\components\Ability.h">
      <Filter>Archivos de encabezado\Components\Entity\Hamster\Ability</Filter>
    </ClInclude>
    <ClInclude Include="Proyecto\components\Cloud.h">
      <Filter>Archivos de encabezado\Components\Entity\Hamster\Ability</Filter>
    </ClInclude>
    <ClInclude Include="Proyecto\components\Poison.h">
      <Filter>Archivos de encabezado\Components\Entity\Hamster\Ability</Filter>
    </ClInclude>
    <ClInclude Include="Proyecto\components\Turret.h">
      <Filter>Archivos de encabezado\Components\Entity\Hamster\Ability</Filter>
    </ClInclude>
    <ClInclude Include="Proyecto\components\Swallow.h">
      <Filter>Archivos de encabezado\Components\Entity\Hamster\Ability</Filter>
    </ClInclude>
    <ClInclude Include="Proyecto\components\Pray.h">
      <Filter>Archivos de encabezado\Components\Entity\Hamster\Ability</Filter>
    </ClInclude>
    <ClInclude Include="Proyecto\components\Roll.h">
      <Filter>Archivos de encabezado\Components\Entity\Hamster\Ability</Filter>
    </ClInclude>
    <ClInclude Include="Proyecto\components\Stroke.h">
      <Filter>Archivos de encabezado\Components\Entity\Hamster\Stroke</Filter>
    </ClInclude>
    <ClInclude Include="Proyecto\components\Animator.h">
      <Filter>Archivos de encabezado\Components\Animation</Filter>
    </ClInclude>
    <ClInclude Include="Proyecto\components\AnimHamsterStateMachine.h">
      <Filter>Archivos de encabezado\Components\Animation</Filter>
    </ClInclude>
    <ClInclude Include="Proyecto\components\Combos.h">
      <Filter>Archivos de encabezado\Components\Entity\Hamster\Attack</Filter>
    </ClInclude>
    <ClInclude Include="Proyecto\components\BulletHit.h">
      <Filter>Archivos de encabezado\Components\Entity\Hamster\Ability</Filter>
    </ClInclude>
    <ClInclude Include="Proyecto\components\EnemyAttack.h">
      <Filter>Archivos de encabezado\Components\Entity\Enemy\Attack</Filter>
    </ClInclude>
    <ClInclude Include="Proyecto\components\EnemyStun.h">
      <Filter>Archivos de encabezado\Components\Entity\Enemy\Attack</Filter>
    </ClInclude>
    <ClInclude Include="Proyecto\components\GhostCtrl.h">
      <Filter>Archivos de encabezado\Components\Entity\Hamster\Stroke\Ghost</Filter>
    </ClInclude>
    <ClInclude Include="Proyecto\components\ContactDamage.h">
      <Filter>Archivos de encabezado\Components\Entity\Enemy\Attack</Filter>
    </ClInclude>
    <ClInclude Include="Proyecto\components\ControlHandler.h">
      <Filter>Archivos de encabezado\Components\Entity\Hamster\Movement&amp;Control</Filter>
    </ClInclude>
    <ClInclude Include="Proyecto\components\DisableOnExit.h">
      <Filter>Archivos de encabezado\Components\Entity\Hamster\Ability</Filter>
    </ClInclude>
    <ClInclude Include="Proyecto\components\Dying.h">
      <Filter>Archivos de encabezado\Components\Entity\Hamster\States</Filter>
    </ClInclude>
    <ClInclude Include="Proyecto\components\EntityAttribs.h">
      <Filter>Archivos de encabezado\Components\Entity</Filter>
    </ClInclude>
    <ClInclude Include="Proyecto\components\GetItem.h">
      <Filter>Archivos de encabezado\Components\Entity\Hamster</Filter>
    </ClInclude>
    <ClInclude Include="Proyecto\components\Gravity.h">
      <Filter>Archivos de encabezado\Components\Entity\Hamster</Filter>
    </ClInclude>
    <ClInclude Include="Proyecto\components\HamsterStateMachine.h">
      <Filter>Archivos de encabezado\Components\Entity\Hamster</Filter>
    </ClInclude>
    <ClInclude Include="Proyecto\components\HeartUI.h">
      <Filter>Archivos de encabezado\Components\UI</Filter>
    </ClInclude>
    <ClInclude Include="Proyecto\components\Image.h">
      <Filter>Archivos de encabezado\Components\Animation</Filter>
    </ClInclude>
    <ClInclude Include="Proyecto\components\InfarctedBody.h">
      <Filter>Archivos de encabezado\Components\Entity\Hamster\Stroke</Filter>
    </ClInclude>
    <ClInclude Include="Proyecto\components\Knockback.h">
      <Filter>Archivos de encabezado\Components\Entity</Filter>
    </ClInclude>
    <ClInclude Include="Proyecto\components\UI.h">
      <Filter>Archivos de encabezado\Components\UI</Filter>
    </ClInclude>
    <ClInclude Include="Proyecto\components\Transform.h">
      <Filter>Archivos de encabezado\Components\Entity</Filter>
    </ClInclude>
    <ClInclude Include="Proyecto\components\LightAttack.h">
      <Filter>Archivos de encabezado\Components\Entity\Hamster\Attack</Filter>
    </ClInclude>
    <ClInclude Include="Proyecto\components\MapMngr.h">
      <Filter>Archivos de encabezado\Components\Manager</Filter>
    </ClInclude>
    <ClInclude Include="Proyecto\components\HeightObject.h">
      <Filter>Archivos de encabezado\Components\Tile</Filter>
    </ClInclude>
    <ClInclude Include="Proyecto\components\Item.h">
      <Filter>Archivos de encabezado\Components\Entity</Filter>
    </ClInclude>
    <ClInclude Include="Proyecto\components\TileRender.h">
      <Filter>Archivos de encabezado\Components\Tile</Filter>
    </ClInclude>
    <ClInclude Include="Proyecto\components\KeyGame.h">
      <Filter>Archivos de encabezado\Components\Entity\Hamster\Stroke</Filter>
    </ClInclude>
    <ClInclude Include="Proyecto\components\Movement.h">
      <Filter>Archivos de encabezado\Components\Entity\Hamster\Movement&amp;Control</Filter>
    </ClInclude>
    <ClInclude Include="Proyecto\components\PossesionGame.h">
      <Filter>Archivos de encabezado\Components\Entity\Hamster\Stroke\Ghost</Filter>
    </ClInclude>
    <ClInclude Include="Proyecto\components\Rectangle.h">
      <Filter>Archivos de encabezado\Components\Animation</Filter>
    </ClInclude>
    <ClInclude Include="Proyecto\components\Stun.h">
      <Filter>Archivos de encabezado\Components\Entity\Hamster\Attack</Filter>
    </ClInclude>
    <ClInclude Include="Proyecto\components\StrongAttack.h">
      <Filter>Archivos de encabezado\Components\Entity\Hamster\Attack</Filter>
    </ClInclude>
    <ClInclude Include="Proyecto\components\ReanimationGame.h">
      <Filter>Archivos de encabezado\Components\Entity\Hamster\Stroke</Filter>
    </ClInclude>
    <ClInclude Include="Proyecto\components\MovementSimple.h">
      <Filter>Archivos de encabezado\Components\Entity\Enemy\Movement</Filter>
    </ClInclude>
    <ClInclude Include="Proyecto\components\EnemyStateMachine.h">
      <Filter>Archivos de encabezado\Components\Entity\Enemy\States</Filter>
    </ClInclude>
    <ClInclude Include="Proyecto\components\FirstBossBehaviour.h">
      <Filter>Archivos de encabezado\Components\Entity\Enemy\EnemyBehaviour\BossBehaviour</Filter>
    </ClInclude>
    <ClInclude Include="Proyecto\components\FirstBossAttack.h">
      <Filter>Archivos de encabezado\Components\Entity\Enemy\Attack\BossAttack</Filter>
    </ClInclude>
    <ClInclude Include="Proyecto\components\BackGround.h">
      <Filter>Archivos de encabezado</Filter>
    </ClInclude>
    <ClInclude Include="Proyecto\components\Parallax.h">
      <Filter>Archivos de encabezado</Filter>
    </ClInclude>
    <ClInclude Include="Proyecto\components\FairStrokeStrategy.h">
      <Filter>Archivos de encabezado\Components\Entity\Hamster\Stroke</Filter>
    </ClInclude>
    <ClInclude Include="Proyecto\components\RandomStrokeStrategy.h">
      <Filter>Archivos de encabezado\Components\Entity\Hamster\Stroke</Filter>
    </ClInclude>
    <ClInclude Include="Proyecto\components\StrokeStrategy.h">
      <Filter>Archivos de encabezado\Components\Entity\Hamster\Stroke</Filter>
    </ClInclude>
    <ClInclude Include="Proyecto\components\CollisionDetec.h">
      <Filter>Archivos de encabezado\Components\Entity\Hamster\Movement&amp;Control</Filter>
    </ClInclude>
    <ClInclude Include="Proyecto\components\IddleEnemy.h">
      <Filter>Archivos de encabezado\Components\Entity\Enemy\EnemyBehaviour\Behavior</Filter>
    </ClInclude>
    <ClInclude Include="Proyecto\components\EnemyStrongAttack.h">
      <Filter>Archivos de encabezado\Components\Entity\Enemy\Attack</Filter>
    </ClInclude>
    <ClInclude Include="Proyecto\components\StrongFollowPlayer.h">
      <Filter>Archivos de encabezado\Components\Entity\Enemy\EnemyBehaviour\Behavior</Filter>
    </ClInclude>
    <ClInclude Include="Proyecto\components\Obstacle.h">
      <Filter>Archivos de encabezado\Components\Entity</Filter>
    </ClInclude>
    <ClInclude Include="Proyecto\components\AnimEnemyStateMachine.h">
      <Filter>Archivos de encabezado\Components\Animation</Filter>
    </ClInclude>
    <ClInclude Include="Proyecto\components\MenuButton.h">
      <Filter>Archivos de encabezado\Components\UI</Filter>
    </ClInclude>
    <ClInclude Include="Proyecto\components\GameStates.h">
      <Filter>Archivos de encabezado\Components\StateMachine</Filter>
    </ClInclude>
    <ClInclude Include="Proyecto\components\ShadowFollow.h">
      <Filter>Archivos de encabezado\Components\Entity</Filter>
    </ClInclude>
    <ClInclude Include="Proyecto\components\Shadow.h">
      <Filter>Archivos de encabezado\Components\Entity\Hamster</Filter>
    </ClInclude>
    <ClInclude Include="Proyecto\components\EnemyMother.h">
      <Filter>Archivos de encabezado\Components\Entity\Enemy</Filter>
    </ClInclude>
    <ClInclude Include="Proyecto\components\TriggerScene.h">
      <Filter>Archivos de encabezado\Components\Entity</Filter>
    </ClInclude>
    <ClInclude Include="Proyecto\components\MenuButtonManager.h">
      <Filter>Archivos de encabezado\Components\Manager</Filter>
    </ClInclude>
    <ClInclude Include="Proyecto\components\SoundManager.h">
      <Filter>Archivos de encabezado\Components\Manager</Filter>
    </ClInclude>
    <ClInclude Include="Proyecto\components\GravityEntity.h">
      <Filter>Archivos de encabezado\Components\Entity</Filter>
    </ClInclude>
    <ClInclude Include="Proyecto\components\ImageSecuence.h">
      <Filter>Archivos de encabezado\Components\Manager</Filter>
    </ClInclude>
    <ClInclude Include="Proyecto\components\Transition.h">
      <Filter>Archivos de encabezado\Components\Manager</Filter>
    </ClInclude>
    <ClInclude Include="Proyecto\components\CatMovement.h">
      <Filter>Archivos de encabezado\Components\Entity\Enemy\EnemyBehaviour\BossBehaviour</Filter>
    </ClInclude>
    <ClInclude Include="Proyecto\components\MenuControlHandler.h">
      <Filter>Archivos de encabezado\Components\UI</Filter>
    </ClInclude>
    <ClInclude Include="Proyecto\components\MovementInChase.h">
      <Filter>Archivos de encabezado\Components\Entity\Hamster\Movement&amp;Control</Filter>
    </ClInclude>
    <ClInclude Include="Proyecto\components\StartChase.h">
      <Filter>Archivos de encabezado\Components\Entity\Enemy\EnemyBehaviour\BossBehaviour</Filter>
    </ClInclude>
  </ItemGroup>
  <ItemGroup>
    <None Include="resources\config\hamsters.resources.json">
      <Filter>Archivos de recursos\resources\config</Filter>
    </None>
  </ItemGroup>
</Project>