<?xml version="1.0" encoding="utf-8"?>
<Project ToolsVersion="4.0" xmlns="http://schemas.microsoft.com/developer/msbuild/2003">
  <ItemGroup>
    <Filter Include="Archivos de origen">
      <UniqueIdentifier>{4FC737F1-C7A5-4376-A066-2A32D752A2FF}</UniqueIdentifier>
      <Extensions>cpp;c;cc;cxx;c++;cppm;ixx;def;odl;idl;hpj;bat;asm;asmx</Extensions>
    </Filter>
    <Filter Include="Archivos de encabezado">
      <UniqueIdentifier>{93995380-89BD-4b04-88EB-625FBE52EBFB}</UniqueIdentifier>
      <Extensions>h;hh;hpp;hxx;h++;hm;inl;inc;ipp;xsd</Extensions>
    </Filter>
    <Filter Include="Archivos de recursos">
      <UniqueIdentifier>{67DA6AB6-F800-4c08-8B7A-83BB121AAD01}</UniqueIdentifier>
      <Extensions>rc;ico;cur;bmp;dlg;rc2;rct;bin;rgs;gif;jpg;jpeg;jpe;resx;tiff;tif;png;wav;mfcribbon-ms</Extensions>
    </Filter>
    <Filter Include="Archivos de encabezado\Components">
      <UniqueIdentifier>{eb6d14e7-130f-4074-b4e5-928b1b3c0f51}</UniqueIdentifier>
    </Filter>
    <Filter Include="Archivos de encabezado\SDLutils">
      <UniqueIdentifier>{ade339e4-3584-4f71-9f3a-01918ee88d12}</UniqueIdentifier>
    </Filter>
    <Filter Include="Archivos de origen\SDLutils">
      <UniqueIdentifier>{2f806826-8f8d-4fef-8b3c-5bc2874b3b06}</UniqueIdentifier>
    </Filter>
    <Filter Include="Archivos de encabezado\utils">
      <UniqueIdentifier>{5f44948e-d3fa-4790-9f55-24478dd97c27}</UniqueIdentifier>
    </Filter>
    <Filter Include="Archivos de origen\utils">
      <UniqueIdentifier>{ad2db467-b5e5-4e88-aee5-bdb9ccf6d68a}</UniqueIdentifier>
    </Filter>
    <Filter Include="Archivos de encabezado\ecs">
      <UniqueIdentifier>{ca669905-c5d3-4101-b6d8-8ae7db239d18}</UniqueIdentifier>
    </Filter>
    <Filter Include="Archivos de origen\ecs">
      <UniqueIdentifier>{e1c8a1c3-02fa-4633-a802-81fca75f73e3}</UniqueIdentifier>
    </Filter>
    <Filter Include="Archivos de encabezado\game">
      <UniqueIdentifier>{0120532b-bb13-439d-8fac-23e043c0714a}</UniqueIdentifier>
    </Filter>
    <Filter Include="Archivos de origen\game">
      <UniqueIdentifier>{192e5c0f-e562-4932-99ff-f7f6483970c6}</UniqueIdentifier>
    </Filter>
    <Filter Include="Archivos de encabezado\json">
      <UniqueIdentifier>{b87f5510-1c1e-4440-8392-385b864f4325}</UniqueIdentifier>
    </Filter>
    <Filter Include="Archivos de origen\json">
      <UniqueIdentifier>{6b86f01d-691d-465f-9fdd-ff2e1d073295}</UniqueIdentifier>
    </Filter>
    <Filter Include="Archivos de recursos\resources">
      <UniqueIdentifier>{2469618e-39ea-41b1-b778-13528bde6279}</UniqueIdentifier>
    </Filter>
    <Filter Include="Archivos de recursos\resources\config">
      <UniqueIdentifier>{7c817044-c1f6-46cd-80f9-692ddfd99f17}</UniqueIdentifier>
    </Filter>
    <Filter Include="Archivos de origen\components">
      <UniqueIdentifier>{cc57e568-abf2-4c0f-943f-3b7765a988db}</UniqueIdentifier>
    </Filter>
  </ItemGroup>
  <ItemGroup>
    <ClCompile Include="Source.cpp">
      <Filter>Archivos de origen</Filter>
    </ClCompile>
    <ClCompile Include="Proyecto\sdlutils\RandomNumberGenerator.cpp">
      <Filter>Archivos de origen\SDLutils</Filter>
    </ClCompile>
    <ClCompile Include="Proyecto\sdlutils\SDLUtils.cpp">
      <Filter>Archivos de origen\SDLutils</Filter>
    </ClCompile>
    <ClCompile Include="Proyecto\sdlutils\sdlutils_demo.cpp">
      <Filter>Archivos de origen\SDLutils</Filter>
    </ClCompile>
    <ClCompile Include="Proyecto\sdlutils\SoundEffect.cpp">
      <Filter>Archivos de origen\SDLutils</Filter>
    </ClCompile>
    <ClCompile Include="Proyecto\sdlutils\Texture.cpp">
      <Filter>Archivos de origen\SDLutils</Filter>
    </ClCompile>
    <ClCompile Include="Proyecto\utils\Collisions.cpp">
      <Filter>Archivos de origen\utils</Filter>
    </ClCompile>
    <ClCompile Include="Proyecto\utils\Vector2D.cpp">
      <Filter>Archivos de origen\utils</Filter>
    </ClCompile>
    <ClCompile Include="Proyecto\ecs\Entity.cpp">
      <Filter>Archivos de origen\ecs</Filter>
    </ClCompile>
    <ClCompile Include="Proyecto\ecs\Manager.cpp">
      <Filter>Archivos de origen\ecs</Filter>
    </ClCompile>
    <ClCompile Include="Proyecto\game\Game.cpp">
      <Filter>Archivos de origen\game</Filter>
    </ClCompile>
    <ClCompile Include="Proyecto\json\JSON.cpp">
      <Filter>Archivos de origen\json</Filter>
    </ClCompile>
    <ClCompile Include="Proyecto\json\JSONValue.cpp">
      <Filter>Archivos de origen\json</Filter>
    </ClCompile>
    <ClCompile Include="Proyecto\components\Image.cpp">
      <Filter>Archivos de origen\components</Filter>
    </ClCompile>
    <ClCompile Include="Proyecto\components\LightAttack.cpp">
      <Filter>Archivos de origen\components</Filter>
    </ClCompile>
    <ClCompile Include="Proyecto\components\Movement.cpp">
      <Filter>Archivos de origen\components</Filter>
    </ClCompile>
    <ClCompile Include="Proyecto\components\StrongAttack.cpp">
      <Filter>Archivos de origen\components</Filter>
    </ClCompile>
    <ClCompile Include="Proyecto\components\Stroke.cpp">
      <Filter>Archivos de origen\components</Filter>
    </ClCompile>
    <ClCompile Include="Proyecto\components\Ability.cpp">
      <Filter>Archivos de origen\components</Filter>
    </ClCompile>
    <ClCompile Include="Proyecto\components\Transform.cpp">
      <Filter>Archivos de origen\components</Filter>
    </ClCompile>
    <ClCompile Include="Proyecto\components\UI.cpp">
      <Filter>Archivos de origen\components</Filter>
    </ClCompile>
    <ClCompile Include="Proyecto\components\HamsterStateMachine.cpp">
      <Filter>Archivos de origen\components</Filter>
    </ClCompile>
    <ClCompile Include="Proyecto\components\Roll.cpp">
      <Filter>Archivos de origen\components</Filter>
    </ClCompile>
    <ClCompile Include="Proyecto\components\Pray.cpp">
      <Filter>Archivos de origen\components</Filter>
    </ClCompile>
    <ClCompile Include="Proyecto\components\EntityAttribs.cpp">
      <Filter>Archivos de origen\components</Filter>
    </ClCompile>
    <ClCompile Include="Proyecto\components\Combos.cpp">
      <Filter>Archivos de origen\components</Filter>
    </ClCompile>
    <ClCompile Include="Proyecto\components\Turret.cpp">
      <Filter>Archivos de origen\components</Filter>
    </ClCompile>
    <ClCompile Include="Proyecto\components\DisableOnExit.cpp">
      <Filter>Archivos de origen\components</Filter>
    </ClCompile>
    <ClCompile Include="Proyecto\components\BulletHit.cpp">
      <Filter>Archivos de origen\components</Filter>
    </ClCompile>
    <ClCompile Include="Proyecto\sdlutils\Animation.cpp">
      <Filter>Archivos de origen\SDLutils</Filter>
    </ClCompile>
    <ClCompile Include="Proyecto\components\Poison.cpp">
      <Filter>Archivos de origen\components</Filter>
    </ClCompile>
    <ClCompile Include="Proyecto\components\FollowPlayer.cpp">
      <Filter>Archivos de origen\components</Filter>
    </ClCompile>
    <ClCompile Include="Proyecto\components\MovementSimple.cpp">
      <Filter>Archivos de origen\components</Filter>
    </ClCompile>
    <ClCompile Include="Proyecto\components\EnemyAttack.cpp">
      <Filter>Archivos de origen\components</Filter>
    </ClCompile>
    <ClCompile Include="Proyecto\components\EnemyStateMachine.cpp">
      <Filter>Archivos de origen\components</Filter>
    </ClCompile>
    <ClCompile Include="Proyecto\components\Cloud.cpp">
      <Filter>Archivos de origen\components</Filter>
    </ClCompile>
    <ClCompile Include="Proyecto\components\MapMngr.cpp">
      <Filter>Archivos de origen\components</Filter>
    </ClCompile>
    <ClCompile Include="Proyecto\components\ControlHandler.cpp">
      <Filter>Archivos de origen\components</Filter>
    </ClCompile>
    <ClCompile Include="Proyecto\components\GetItem.cpp">
      <Filter>Archivos de origen\components</Filter>
    </ClCompile>
    <ClCompile Include="Proyecto\components\EnemyStun.cpp">
      <Filter>Archivos de origen\components</Filter>
    </ClCompile>
    <ClCompile Include="Proyecto\components\Knockback.cpp">
      <Filter>Archivos de origen\components</Filter>
    </ClCompile>
    <ClCompile Include="Proyecto\components\Gravity.cpp">
      <Filter>Archivos de origen\components</Filter>
    </ClCompile>
    <ClCompile Include="Proyecto\components\HeartUI.cpp">
      <Filter>Archivos de origen\components</Filter>
    </ClCompile>
    <ClCompile Include="Proyecto\components\Stun.cpp">
      <Filter>Archivos de origen\components</Filter>
    </ClCompile>
    <ClCompile Include="Proyecto\components\TileRender.cpp">
      <Filter>Archivos de origen\components</Filter>
    </ClCompile>
    <ClCompile Include="Proyecto\ecs\Tile.cpp">
      <Filter>Archivos de origen\ecs</Filter>
    </ClCompile>
    <ClCompile Include="Proyecto\components\GhostCtrl.cpp">
      <Filter>Archivos de origen\components</Filter>
    </ClCompile>
    <ClCompile Include="Proyecto\components\Possesion.cpp">
      <Filter>Archivos de origen\components</Filter>
    </ClCompile>
    <ClCompile Include="Proyecto\components\KeyGame.cpp">
      <Filter>Archivos de origen\components</Filter>
    </ClCompile>
    <ClCompile Include="Proyecto\components\ContactDamage.cpp">
      <Filter>Archivos de origen\components</Filter>
    </ClCompile>
    <ClCompile Include="Proyecto\components\AnimHamsterStateMachine.cpp">
      <Filter>Archivos de origen\components</Filter>
    </ClCompile>
    <ClCompile Include="Proyecto\components\HeightObject.cpp">
      <Filter>Archivos de origen\components</Filter>
    </ClCompile>
    <ClCompile Include="Proyecto\ecs\Camera.cpp">
      <Filter>Archivos de origen\ecs</Filter>
    </ClCompile>
  </ItemGroup>
  <ItemGroup>
    <ClInclude Include="Proyecto\components\Bounce.h">
      <Filter>Archivos de encabezado\Components</Filter>
    </ClInclude>
    <ClInclude Include="Proyecto\components\DeAcceleration.h">
      <Filter>Archivos de encabezado\Components</Filter>
    </ClInclude>
    <ClInclude Include="Proyecto\components\FighterCtrl.h">
      <Filter>Archivos de encabezado\Components</Filter>
    </ClInclude>
    <ClInclude Include="Proyecto\components\Image.h">
      <Filter>Archivos de encabezado\Components</Filter>
    </ClInclude>
    <ClInclude Include="Proyecto\components\KeyBoardCtrl.h">
      <Filter>Archivos de encabezado\Components</Filter>
    </ClInclude>
    <ClInclude Include="Proyecto\components\Rectangle.h">
      <Filter>Archivos de encabezado\Components</Filter>
    </ClInclude>
    <ClInclude Include="Proyecto\components\Transform.h">
      <Filter>Archivos de encabezado\Components</Filter>
    </ClInclude>
    <ClInclude Include="Proyecto\sdlutils\Font.h">
      <Filter>Archivos de encabezado\SDLutils</Filter>
    </ClInclude>
    <ClInclude Include="Proyecto\sdlutils\InputHandler.h">
      <Filter>Archivos de encabezado\SDLutils</Filter>
    </ClInclude>
    <ClInclude Include="Proyecto\sdlutils\macros.h">
      <Filter>Archivos de encabezado\SDLutils</Filter>
    </ClInclude>
    <ClInclude Include="Proyecto\sdlutils\Music.h">
      <Filter>Archivos de encabezado\SDLutils</Filter>
    </ClInclude>
    <ClInclude Include="Proyecto\sdlutils\RandomNumberGenerator.h">
      <Filter>Archivos de encabezado\SDLutils</Filter>
    </ClInclude>
    <ClInclude Include="Proyecto\sdlutils\SDLUtils.h">
      <Filter>Archivos de encabezado\SDLutils</Filter>
    </ClInclude>
    <ClInclude Include="Proyecto\sdlutils\sdlutils_demo.h">
      <Filter>Archivos de encabezado\SDLutils</Filter>
    </ClInclude>
    <ClInclude Include="Proyecto\sdlutils\SoundEffect.h">
      <Filter>Archivos de encabezado\SDLutils</Filter>
    </ClInclude>
    <ClInclude Include="Proyecto\sdlutils\Texture.h">
      <Filter>Archivos de encabezado\SDLutils</Filter>
    </ClInclude>
    <ClInclude Include="Proyecto\sdlutils\VirtualTimer.h">
      <Filter>Archivos de encabezado\SDLutils</Filter>
    </ClInclude>
    <ClInclude Include="Proyecto\utils\Collisions.h">
      <Filter>Archivos de encabezado\utils</Filter>
    </ClInclude>
    <ClInclude Include="Proyecto\utils\Singleton.h">
      <Filter>Archivos de encabezado\utils</Filter>
    </ClInclude>
    <ClInclude Include="Proyecto\utils\Vector2D.h">
      <Filter>Archivos de encabezado\utils</Filter>
    </ClInclude>
    <ClInclude Include="Proyecto\ecs\Component.h">
      <Filter>Archivos de encabezado\ecs</Filter>
    </ClInclude>
    <ClInclude Include="Proyecto\ecs\ecs.h">
      <Filter>Archivos de encabezado\ecs</Filter>
    </ClInclude>
    <ClInclude Include="Proyecto\ecs\ecs_defs_example.h">
      <Filter>Archivos de encabezado\ecs</Filter>
    </ClInclude>
    <ClInclude Include="Proyecto\ecs\Entity.h">
      <Filter>Archivos de encabezado\ecs</Filter>
    </ClInclude>
    <ClInclude Include="Proyecto\ecs\Manager.h">
      <Filter>Archivos de encabezado\ecs</Filter>
    </ClInclude>
    <ClInclude Include="Proyecto\ecs\mpl.h">
      <Filter>Archivos de encabezado\ecs</Filter>
    </ClInclude>
    <ClInclude Include="Proyecto\game\ecs_defs.h">
      <Filter>Archivos de encabezado\game</Filter>
    </ClInclude>
    <ClInclude Include="Proyecto\game\Game.h">
      <Filter>Archivos de encabezado\game</Filter>
    </ClInclude>
    <ClInclude Include="Proyecto\json\JSON.h">
      <Filter>Archivos de encabezado\json</Filter>
    </ClInclude>
    <ClInclude Include="Proyecto\json\JSONValue.h">
      <Filter>Archivos de encabezado\json</Filter>
    </ClInclude>
    <ClInclude Include="Proyecto\components\Movement.h">
      <Filter>Archivos de encabezado\Components</Filter>
    </ClInclude>
    <ClInclude Include="Proyecto\components\LightAttack.h">
      <Filter>Archivos de encabezado\Components</Filter>
    </ClInclude>
    <ClInclude Include="Proyecto\components\StrongAttack.h">
      <Filter>Archivos de encabezado\Components</Filter>
    </ClInclude>
    <ClInclude Include="Proyecto\components\Stroke.h">
      <Filter>Archivos de encabezado\Components</Filter>
    </ClInclude>
    <ClInclude Include="Proyecto\components\UI.h">
      <Filter>Archivos de encabezado\Components</Filter>
    </ClInclude>
    <ClInclude Include="Proyecto\components\HamsterStateMachine.h">
      <Filter>Archivos de encabezado\Components</Filter>
    </ClInclude>
    <ClInclude Include="Proyecto\components\Animator.h">
      <Filter>Archivos de encabezado\Components</Filter>
    </ClInclude>
    <ClInclude Include="Proyecto\components\Roll.h">
      <Filter>Archivos de encabezado\Components</Filter>
    </ClInclude>
    <ClInclude Include="Proyecto\components\Ability.h">
      <Filter>Archivos de encabezado\Components</Filter>
    </ClInclude>
    <ClInclude Include="Proyecto\components\Pray.h">
      <Filter>Archivos de encabezado\Components</Filter>
    </ClInclude>
    <ClInclude Include="Proyecto\components\EntityAttribs.h">
      <Filter>Archivos de encabezado\Components</Filter>
    </ClInclude>
    <ClInclude Include="Proyecto\components\Combos.h">
      <Filter>Archivos de encabezado\Components</Filter>
    </ClInclude>
    <ClInclude Include="Proyecto\components\Turret.h">
      <Filter>Archivos de encabezado\Components</Filter>
    </ClInclude>
    <ClInclude Include="Proyecto\components\DisableOnExit.h">
      <Filter>Archivos de encabezado\Components</Filter>
    </ClInclude>
    <ClInclude Include="Proyecto\components\BulletHit.h">
      <Filter>Archivos de encabezado\Components</Filter>
    </ClInclude>
    <ClInclude Include="Proyecto\sdlutils\Animation.h">
      <Filter>Archivos de encabezado\SDLutils</Filter>
    </ClInclude>
    <ClInclude Include="Proyecto\components\Poison.h">
      <Filter>Archivos de encabezado\Components</Filter>
    </ClInclude>
    <ClInclude Include="Proyecto\components\FollowPlayer.h">
      <Filter>Archivos de encabezado\Components</Filter>
    </ClInclude>
    <ClInclude Include="Proyecto\components\MovementSimple.h">
      <Filter>Archivos de encabezado\Components</Filter>
    </ClInclude>
    <ClInclude Include="Proyecto\components\EnemyAttack.h">
      <Filter>Archivos de encabezado\Components</Filter>
    </ClInclude>
    <ClInclude Include="Proyecto\components\EnemyStateMachine.h">
      <Filter>Archivos de encabezado\Components</Filter>
    </ClInclude>
    <ClInclude Include="Proyecto\components\Cloud.h">
      <Filter>Archivos de encabezado\Components</Filter>
    </ClInclude>
    <ClInclude Include="Proyecto\ecs\System.h">
      <Filter>Archivos de encabezado\ecs</Filter>
    </ClInclude>
    <ClInclude Include="Proyecto\components\MapMngr.h">
      <Filter>Archivos de encabezado\Components</Filter>
    </ClInclude>
    <ClInclude Include="Proyecto\components\ControlHandler.h">
      <Filter>Archivos de encabezado\Components</Filter>
    </ClInclude>
    <ClInclude Include="Proyecto\components\Item.h">
      <Filter>Archivos de encabezado\Components</Filter>
    </ClInclude>
    <ClInclude Include="Proyecto\components\GetItem.h">
      <Filter>Archivos de encabezado\Components</Filter>
    </ClInclude>
    <ClInclude Include="Proyecto\components\EnemyStun.h">
      <Filter>Archivos de encabezado\Components</Filter>
    </ClInclude>
    <ClInclude Include="Proyecto\components\Knockback.h">
      <Filter>Archivos de encabezado\Components</Filter>
    </ClInclude>
    <ClInclude Include="Proyecto\components\Gravity.h">
      <Filter>Archivos de encabezado\Components</Filter>
    </ClInclude>
    <ClInclude Include="Proyecto\components\HeartUI.h">
      <Filter>Archivos de encabezado\Components</Filter>
    </ClInclude>
    <ClInclude Include="Proyecto\utils\checkML.h">
      <Filter>Archivos de origen\utils</Filter>
    </ClInclude>
    <ClInclude Include="Proyecto\components\Stun.h">
      <Filter>Archivos de encabezado\Components</Filter>
    </ClInclude>
    <ClInclude Include="Proyecto\components\TileRender.h">
      <Filter>Archivos de encabezado\Components</Filter>
    </ClInclude>
    <ClInclude Include="Proyecto\ecs\Tile.h">
      <Filter>Archivos de encabezado\ecs</Filter>
    </ClInclude>
    <ClInclude Include="Proyecto\components\GhostCtrl.h">
      <Filter>Archivos de encabezado\Components</Filter>
    </ClInclude>
    <ClInclude Include="Proyecto\components\Possesion.h">
      <Filter>Archivos de encabezado\Components</Filter>
    </ClInclude>
    <ClInclude Include="Proyecto\components\KeyGame.h">
      <Filter>Archivos de encabezado\Components</Filter>
    </ClInclude>
    <ClInclude Include="Proyecto\components\ContactDamage.h">
      <Filter>Archivos de encabezado\Components</Filter>
    </ClInclude>
    <ClInclude Include="Proyecto\components\AnimHamsterStateMachine.h">
      <Filter>Archivos de encabezado\Components</Filter>
    </ClInclude>
    <ClInclude Include="Proyecto\components\HeightObject.h">
      <Filter>Archivos de encabezado\Components</Filter>
    </ClInclude>
    <ClInclude Include="Proyecto\ecs\Camera.h">
      <Filter>Archivos de encabezado\ecs</Filter>
    </ClInclude>
  </ItemGroup>
  <ItemGroup>
    <None Include="resources\config\hamsters.resources.json">
      <Filter>Archivos de recursos\resources\config</Filter>
    </None>
  </ItemGroup>
</Project>