
Microsoft Visual Studio Solution File, Format Version 12.00
# Visual Studio Version 16
VisualStudioVersion = 16.0.31005.135
MinimumVisualStudioVersion = 10.0.40219.1
Project("{8BC9CEB8-8B4A-11D0-8D11-00A0C91BC942}") = "TPV2", "TPV2\TPV2.vcxproj", "{A09F66CE-FC56-49B6-AD0F-A68838BCB1CF}"
EndProject
Global
	GlobalSection(SolutionConfigurationPlatforms) = preSolution
		Debug|x64 = Debug|x64
		Debug|x86 = Debug|x86
		Release|x64 = Release|x64
		Release|x86 = Release|x86
	EndGlobalSection
	GlobalSection(ProjectConfigurationPlatforms) = postSolution
		{A09F66CE-FC56-49B6-AD0F-A68838BCB1CF}.Debug|x64.ActiveCfg = Debug|x64
		{A09F66CE-FC56-49B6-AD0F-A68838BCB1CF}.Debug|x64.Build.0 = Debug|x64
		{A09F66CE-FC56-49B6-AD0F-A68838BCB1CF}.Debug|x86.ActiveCfg = Debug|Win32
		{A09F66CE-FC56-49B6-AD0F-A68838BCB1CF}.Debug|x86.Build.0 = Debug|Win32
		{A09F66CE-FC56-49B6-AD0F-A68838BCB1CF}.Release|x64.ActiveCfg = Release|x64
		{A09F66CE-FC56-49B6-AD0F-A68838BCB1CF}.Release|x64.Build.0 = Release|x64
		{A09F66CE-FC56-49B6-AD0F-A68838BCB1CF}.Release|x86.ActiveCfg = Release|Win32
		{A09F66CE-FC56-49B6-AD0F-A68838BCB1CF}.Release|x86.Build.0 = Release|Win32
	EndGlobalSection
	GlobalSection(SolutionProperties) = preSolution
		HideSolutionNode = FALSE
	EndGlobalSection
	GlobalSection(ExtensibilityGlobals) = postSolution
		SolutionGuid = {34A3938F-1B0D-4475-9FD9-E2B37F45FFDF}
	EndGlobalSection
EndGlobal
